// !$*UTF8*$!
{
	archiveVersion = 1;
	classes = {
	};
	objectVersion = 56;
	objects = {

/* Begin PBXBuildFile section */
		1320E4A42BCC301600402299 /* StarWarsApp.swift in Sources */ = {isa = PBXBuildFile; fileRef = 1320E4A32BCC301600402299 /* StarWarsApp.swift */; };
		1320E4A62BCC301600402299 /* MoviesView.swift in Sources */ = {isa = PBXBuildFile; fileRef = 1320E4A52BCC301600402299 /* MoviesView.swift */; };
		1320E4A82BCC301700402299 /* Assets.xcassets in Resources */ = {isa = PBXBuildFile; fileRef = 1320E4A72BCC301700402299 /* Assets.xcassets */; };
		1320E4AC2BCC301700402299 /* Preview Assets.xcassets in Resources */ = {isa = PBXBuildFile; fileRef = 1320E4AB2BCC301700402299 /* Preview Assets.xcassets */; };
		1320E4B62BCC301700402299 /* StarWarsTests.swift in Sources */ = {isa = PBXBuildFile; fileRef = 1320E4B52BCC301700402299 /* StarWarsTests.swift */; };
		1320E4C02BCC301700402299 /* StarWarsUITests.swift in Sources */ = {isa = PBXBuildFile; fileRef = 1320E4BF2BCC301700402299 /* StarWarsUITests.swift */; };
		1320E4C22BCC301700402299 /* StarWarsUITestsLaunchTests.swift in Sources */ = {isa = PBXBuildFile; fileRef = 1320E4C12BCC301700402299 /* StarWarsUITestsLaunchTests.swift */; };
		1320E4D02BCC303C00402299 /* APIService.swift in Sources */ = {isa = PBXBuildFile; fileRef = 1320E4CF2BCC303C00402299 /* APIService.swift */; };
		1320E4D32BCC307700402299 /* Endpoint.swift in Sources */ = {isa = PBXBuildFile; fileRef = 1320E4D22BCC307700402299 /* Endpoint.swift */; };
		1320E4D62BCC30D200402299 /* Movies.swift in Sources */ = {isa = PBXBuildFile; fileRef = 1320E4D52BCC30D200402299 /* Movies.swift */; };
		1320E4D82BCC30E700402299 /* People.swift in Sources */ = {isa = PBXBuildFile; fileRef = 1320E4D72BCC30E700402299 /* People.swift */; };
		1320E4DC2BCC315700402299 /* MoviesViewModel.swift in Sources */ = {isa = PBXBuildFile; fileRef = 1320E4DB2BCC315700402299 /* MoviesViewModel.swift */; };
		1320E4DF2BCC320100402299 /* BackendServiceProtocol.swift in Sources */ = {isa = PBXBuildFile; fileRef = 1320E4DE2BCC320100402299 /* BackendServiceProtocol.swift */; };
		1320E4E12BCC326E00402299 /* BackendService.swift in Sources */ = {isa = PBXBuildFile; fileRef = 1320E4E02BCC326E00402299 /* BackendService.swift */; };
		1320E4E32BCC35AB00402299 /* MovieRowView.swift in Sources */ = {isa = PBXBuildFile; fileRef = 1320E4E22BCC35AB00402299 /* MovieRowView.swift */; };
		1320E4E72BCC38FB00402299 /* Image+Extension.swift in Sources */ = {isa = PBXBuildFile; fileRef = 1320E4E62BCC38FB00402299 /* Image+Extension.swift */; };
		1320E4EA2BCC39AD00402299 /* StarWarsIcon.swift in Sources */ = {isa = PBXBuildFile; fileRef = 1320E4E92BCC39AD00402299 /* StarWarsIcon.swift */; };
		1320E4EC2BCC3D7E00402299 /* StarWarsScreen.swift in Sources */ = {isa = PBXBuildFile; fileRef = 1320E4EB2BCC3D7E00402299 /* StarWarsScreen.swift */; };
		1320E4EE2BCC3F4900402299 /* MovieDetailView.swift in Sources */ = {isa = PBXBuildFile; fileRef = 1320E4ED2BCC3F4900402299 /* MovieDetailView.swift */; };
		1320E4F12BCC401A00402299 /* NavigationTitleModifier.swift in Sources */ = {isa = PBXBuildFile; fileRef = 1320E4F02BCC401A00402299 /* NavigationTitleModifier.swift */; };
		1320E4F32BCC403600402299 /* View+Extension.swift in Sources */ = {isa = PBXBuildFile; fileRef = 1320E4F22BCC403600402299 /* View+Extension.swift */; };
		1320E4F52BCC430B00402299 /* ButtonModifier.swift in Sources */ = {isa = PBXBuildFile; fileRef = 1320E4F42BCC430B00402299 /* ButtonModifier.swift */; };
/* End PBXBuildFile section */

/* Begin PBXContainerItemProxy section */
		1320E4B22BCC301700402299 /* PBXContainerItemProxy */ = {
			isa = PBXContainerItemProxy;
			containerPortal = 1320E4982BCC301600402299 /* Project object */;
			proxyType = 1;
			remoteGlobalIDString = 1320E49F2BCC301600402299;
			remoteInfo = StarWars;
		};
		1320E4BC2BCC301700402299 /* PBXContainerItemProxy */ = {
			isa = PBXContainerItemProxy;
			containerPortal = 1320E4982BCC301600402299 /* Project object */;
			proxyType = 1;
			remoteGlobalIDString = 1320E49F2BCC301600402299;
			remoteInfo = StarWars;
		};
/* End PBXContainerItemProxy section */

/* Begin PBXFileReference section */
		1320E4A02BCC301600402299 /* StarWars.app */ = {isa = PBXFileReference; explicitFileType = wrapper.application; includeInIndex = 0; path = StarWars.app; sourceTree = BUILT_PRODUCTS_DIR; };
		1320E4A32BCC301600402299 /* StarWarsApp.swift */ = {isa = PBXFileReference; lastKnownFileType = sourcecode.swift; path = StarWarsApp.swift; sourceTree = "<group>"; };
		1320E4A52BCC301600402299 /* MoviesView.swift */ = {isa = PBXFileReference; lastKnownFileType = sourcecode.swift; path = MoviesView.swift; sourceTree = "<group>"; };
		1320E4A72BCC301700402299 /* Assets.xcassets */ = {isa = PBXFileReference; lastKnownFileType = folder.assetcatalog; path = Assets.xcassets; sourceTree = "<group>"; };
		1320E4A92BCC301700402299 /* StarWars.entitlements */ = {isa = PBXFileReference; lastKnownFileType = text.plist.entitlements; path = StarWars.entitlements; sourceTree = "<group>"; };
		1320E4AB2BCC301700402299 /* Preview Assets.xcassets */ = {isa = PBXFileReference; lastKnownFileType = folder.assetcatalog; path = "Preview Assets.xcassets"; sourceTree = "<group>"; };
		1320E4B12BCC301700402299 /* StarWarsTests.xctest */ = {isa = PBXFileReference; explicitFileType = wrapper.cfbundle; includeInIndex = 0; path = StarWarsTests.xctest; sourceTree = BUILT_PRODUCTS_DIR; };
		1320E4B52BCC301700402299 /* StarWarsTests.swift */ = {isa = PBXFileReference; lastKnownFileType = sourcecode.swift; path = StarWarsTests.swift; sourceTree = "<group>"; };
		1320E4BB2BCC301700402299 /* StarWarsUITests.xctest */ = {isa = PBXFileReference; explicitFileType = wrapper.cfbundle; includeInIndex = 0; path = StarWarsUITests.xctest; sourceTree = BUILT_PRODUCTS_DIR; };
		1320E4BF2BCC301700402299 /* StarWarsUITests.swift */ = {isa = PBXFileReference; lastKnownFileType = sourcecode.swift; path = StarWarsUITests.swift; sourceTree = "<group>"; };
		1320E4C12BCC301700402299 /* StarWarsUITestsLaunchTests.swift */ = {isa = PBXFileReference; lastKnownFileType = sourcecode.swift; path = StarWarsUITestsLaunchTests.swift; sourceTree = "<group>"; };
		1320E4CF2BCC303C00402299 /* APIService.swift */ = {isa = PBXFileReference; lastKnownFileType = sourcecode.swift; path = APIService.swift; sourceTree = "<group>"; };
		1320E4D22BCC307700402299 /* Endpoint.swift */ = {isa = PBXFileReference; lastKnownFileType = sourcecode.swift; path = Endpoint.swift; sourceTree = "<group>"; };
		1320E4D52BCC30D200402299 /* Movies.swift */ = {isa = PBXFileReference; lastKnownFileType = sourcecode.swift; path = Movies.swift; sourceTree = "<group>"; };
		1320E4D72BCC30E700402299 /* People.swift */ = {isa = PBXFileReference; lastKnownFileType = sourcecode.swift; path = People.swift; sourceTree = "<group>"; };
		1320E4DB2BCC315700402299 /* MoviesViewModel.swift */ = {isa = PBXFileReference; lastKnownFileType = sourcecode.swift; path = MoviesViewModel.swift; sourceTree = "<group>"; };
		1320E4DE2BCC320100402299 /* BackendServiceProtocol.swift */ = {isa = PBXFileReference; lastKnownFileType = sourcecode.swift; path = BackendServiceProtocol.swift; sourceTree = "<group>"; };
		1320E4E02BCC326E00402299 /* BackendService.swift */ = {isa = PBXFileReference; lastKnownFileType = sourcecode.swift; path = BackendService.swift; sourceTree = "<group>"; };
		1320E4E22BCC35AB00402299 /* MovieRowView.swift */ = {isa = PBXFileReference; lastKnownFileType = sourcecode.swift; path = MovieRowView.swift; sourceTree = "<group>"; };
		1320E4E62BCC38FB00402299 /* Image+Extension.swift */ = {isa = PBXFileReference; lastKnownFileType = sourcecode.swift; path = "Image+Extension.swift"; sourceTree = "<group>"; };
		1320E4E92BCC39AD00402299 /* StarWarsIcon.swift */ = {isa = PBXFileReference; lastKnownFileType = sourcecode.swift; path = StarWarsIcon.swift; sourceTree = "<group>"; };
		1320E4EB2BCC3D7E00402299 /* StarWarsScreen.swift */ = {isa = PBXFileReference; lastKnownFileType = sourcecode.swift; path = StarWarsScreen.swift; sourceTree = "<group>"; };
		1320E4ED2BCC3F4900402299 /* MovieDetailView.swift */ = {isa = PBXFileReference; lastKnownFileType = sourcecode.swift; path = MovieDetailView.swift; sourceTree = "<group>"; };
		1320E4F02BCC401A00402299 /* NavigationTitleModifier.swift */ = {isa = PBXFileReference; lastKnownFileType = sourcecode.swift; path = NavigationTitleModifier.swift; sourceTree = "<group>"; };
		1320E4F22BCC403600402299 /* View+Extension.swift */ = {isa = PBXFileReference; lastKnownFileType = sourcecode.swift; path = "View+Extension.swift"; sourceTree = "<group>"; };
		1320E4F42BCC430B00402299 /* ButtonModifier.swift */ = {isa = PBXFileReference; lastKnownFileType = sourcecode.swift; path = ButtonModifier.swift; sourceTree = "<group>"; };
/* End PBXFileReference section */

/* Begin PBXFrameworksBuildPhase section */
		1320E49D2BCC301600402299 /* Frameworks */ = {
			isa = PBXFrameworksBuildPhase;
			buildActionMask = 2147483647;
			files = (
			);
			runOnlyForDeploymentPostprocessing = 0;
		};
		1320E4AE2BCC301700402299 /* Frameworks */ = {
			isa = PBXFrameworksBuildPhase;
			buildActionMask = 2147483647;
			files = (
			);
			runOnlyForDeploymentPostprocessing = 0;
		};
		1320E4B82BCC301700402299 /* Frameworks */ = {
			isa = PBXFrameworksBuildPhase;
			buildActionMask = 2147483647;
			files = (
			);
			runOnlyForDeploymentPostprocessing = 0;
		};
/* End PBXFrameworksBuildPhase section */

/* Begin PBXGroup section */
		1320E4972BCC301600402299 = {
			isa = PBXGroup;
			children = (
				1320E4A22BCC301600402299 /* StarWars */,
				1320E4B42BCC301700402299 /* StarWarsTests */,
				1320E4BE2BCC301700402299 /* StarWarsUITests */,
				1320E4A12BCC301600402299 /* Products */,
			);
			sourceTree = "<group>";
		};
		1320E4A12BCC301600402299 /* Products */ = {
			isa = PBXGroup;
			children = (
				1320E4A02BCC301600402299 /* StarWars.app */,
				1320E4B12BCC301700402299 /* StarWarsTests.xctest */,
				1320E4BB2BCC301700402299 /* StarWarsUITests.xctest */,
			);
			name = Products;
			sourceTree = "<group>";
		};
		1320E4A22BCC301600402299 /* StarWars */ = {
			isa = PBXGroup;
			children = (
				1320E4A32BCC301600402299 /* StarWarsApp.swift */,
				1320E4EF2BCC400500402299 /* ViewModifier */,
				1320E4E82BCC399600402299 /* Shared */,
				1320E4E52BCC389800402299 /* Extensions */,
				1320E4DD2BCC31E600402299 /* Protocols */,
				1320E4D92BCC314400402299 /* Views */,
				1320E4D42BCC30BB00402299 /* Models */,
				1320E4D12BCC306D00402299 /* Endpoint */,
				1320E4CE2BCC302100402299 /* Services */,
				1320E4A72BCC301700402299 /* Assets.xcassets */,
				1320E4A92BCC301700402299 /* StarWars.entitlements */,
				1320E4AA2BCC301700402299 /* Preview Content */,
			);
			path = StarWars;
			sourceTree = "<group>";
		};
		1320E4AA2BCC301700402299 /* Preview Content */ = {
			isa = PBXGroup;
			children = (
				1320E4AB2BCC301700402299 /* Preview Assets.xcassets */,
			);
			path = "Preview Content";
			sourceTree = "<group>";
		};
		1320E4B42BCC301700402299 /* StarWarsTests */ = {
			isa = PBXGroup;
			children = (
				1320E4B52BCC301700402299 /* StarWarsTests.swift */,
			);
			path = StarWarsTests;
			sourceTree = "<group>";
		};
		1320E4BE2BCC301700402299 /* StarWarsUITests */ = {
			isa = PBXGroup;
			children = (
				1320E4BF2BCC301700402299 /* StarWarsUITests.swift */,
				1320E4C12BCC301700402299 /* StarWarsUITestsLaunchTests.swift */,
			);
			path = StarWarsUITests;
			sourceTree = "<group>";
		};
		1320E4CE2BCC302100402299 /* Services */ = {
			isa = PBXGroup;
			children = (
				1320E4CF2BCC303C00402299 /* APIService.swift */,
				1320E4E02BCC326E00402299 /* BackendService.swift */,
			);
			path = Services;
			sourceTree = "<group>";
		};
		1320E4D12BCC306D00402299 /* Endpoint */ = {
			isa = PBXGroup;
			children = (
				1320E4D22BCC307700402299 /* Endpoint.swift */,
			);
			path = Endpoint;
			sourceTree = "<group>";
		};
		1320E4D42BCC30BB00402299 /* Models */ = {
			isa = PBXGroup;
			children = (
				1320E4D52BCC30D200402299 /* Movies.swift */,
				1320E4D72BCC30E700402299 /* People.swift */,
			);
			path = Models;
			sourceTree = "<group>";
		};
		1320E4D92BCC314400402299 /* Views */ = {
			isa = PBXGroup;
			children = (
				1320E4DA2BCC314C00402299 /* Movies */,
			);
			path = Views;
			sourceTree = "<group>";
		};
		1320E4DA2BCC314C00402299 /* Movies */ = {
			isa = PBXGroup;
			children = (
				1320E4A52BCC301600402299 /* MoviesView.swift */,
				1320E4ED2BCC3F4900402299 /* MovieDetailView.swift */,
				1320E4E22BCC35AB00402299 /* MovieRowView.swift */,
				1320E4DB2BCC315700402299 /* MoviesViewModel.swift */,
			);
			path = Movies;
			sourceTree = "<group>";
		};
		1320E4DD2BCC31E600402299 /* Protocols */ = {
			isa = PBXGroup;
			children = (
				1320E4DE2BCC320100402299 /* BackendServiceProtocol.swift */,
				1320E4EB2BCC3D7E00402299 /* StarWarsScreen.swift */,
			);
			path = Protocols;
			sourceTree = "<group>";
		};
		1320E4E52BCC389800402299 /* Extensions */ = {
			isa = PBXGroup;
			children = (
				1320E4E62BCC38FB00402299 /* Image+Extension.swift */,
				1320E4F22BCC403600402299 /* View+Extension.swift */,
			);
			path = Extensions;
			sourceTree = "<group>";
		};
		1320E4E82BCC399600402299 /* Shared */ = {
			isa = PBXGroup;
			children = (
				1320E4E92BCC39AD00402299 /* StarWarsIcon.swift */,
			);
			path = Shared;
			sourceTree = "<group>";
		};
		1320E4EF2BCC400500402299 /* ViewModifier */ = {
			isa = PBXGroup;
			children = (
				1320E4F02BCC401A00402299 /* NavigationTitleModifier.swift */,
				1320E4F42BCC430B00402299 /* ButtonModifier.swift */,
			);
			path = ViewModifier;
			sourceTree = "<group>";
		};
/* End PBXGroup section */

/* Begin PBXNativeTarget section */
		1320E49F2BCC301600402299 /* StarWars */ = {
			isa = PBXNativeTarget;
			buildConfigurationList = 1320E4C52BCC301700402299 /* Build configuration list for PBXNativeTarget "StarWars" */;
			buildPhases = (
				1320E49C2BCC301600402299 /* Sources */,
				1320E49D2BCC301600402299 /* Frameworks */,
				1320E49E2BCC301600402299 /* Resources */,
			);
			buildRules = (
			);
			dependencies = (
			);
			name = StarWars;
			productName = StarWars;
			productReference = 1320E4A02BCC301600402299 /* StarWars.app */;
			productType = "com.apple.product-type.application";
		};
		1320E4B02BCC301700402299 /* StarWarsTests */ = {
			isa = PBXNativeTarget;
			buildConfigurationList = 1320E4C82BCC301700402299 /* Build configuration list for PBXNativeTarget "StarWarsTests" */;
			buildPhases = (
				1320E4AD2BCC301700402299 /* Sources */,
				1320E4AE2BCC301700402299 /* Frameworks */,
				1320E4AF2BCC301700402299 /* Resources */,
			);
			buildRules = (
			);
			dependencies = (
				1320E4B32BCC301700402299 /* PBXTargetDependency */,
			);
			name = StarWarsTests;
			productName = StarWarsTests;
			productReference = 1320E4B12BCC301700402299 /* StarWarsTests.xctest */;
			productType = "com.apple.product-type.bundle.unit-test";
		};
		1320E4BA2BCC301700402299 /* StarWarsUITests */ = {
			isa = PBXNativeTarget;
			buildConfigurationList = 1320E4CB2BCC301700402299 /* Build configuration list for PBXNativeTarget "StarWarsUITests" */;
			buildPhases = (
				1320E4B72BCC301700402299 /* Sources */,
				1320E4B82BCC301700402299 /* Frameworks */,
				1320E4B92BCC301700402299 /* Resources */,
			);
			buildRules = (
			);
			dependencies = (
				1320E4BD2BCC301700402299 /* PBXTargetDependency */,
			);
			name = StarWarsUITests;
			productName = StarWarsUITests;
			productReference = 1320E4BB2BCC301700402299 /* StarWarsUITests.xctest */;
			productType = "com.apple.product-type.bundle.ui-testing";
		};
/* End PBXNativeTarget section */

/* Begin PBXProject section */
		1320E4982BCC301600402299 /* Project object */ = {
			isa = PBXProject;
			attributes = {
				BuildIndependentTargetsInParallel = 1;
				LastSwiftUpdateCheck = 1530;
				LastUpgradeCheck = 1530;
				TargetAttributes = {
					1320E49F2BCC301600402299 = {
						CreatedOnToolsVersion = 15.3;
					};
					1320E4B02BCC301700402299 = {
						CreatedOnToolsVersion = 15.3;
						TestTargetID = 1320E49F2BCC301600402299;
					};
					1320E4BA2BCC301700402299 = {
						CreatedOnToolsVersion = 15.3;
						TestTargetID = 1320E49F2BCC301600402299;
					};
				};
			};
			buildConfigurationList = 1320E49B2BCC301600402299 /* Build configuration list for PBXProject "StarWars" */;
			compatibilityVersion = "Xcode 14.0";
			developmentRegion = en;
			hasScannedForEncodings = 0;
			knownRegions = (
				en,
				Base,
			);
			mainGroup = 1320E4972BCC301600402299;
			productRefGroup = 1320E4A12BCC301600402299 /* Products */;
			projectDirPath = "";
			projectRoot = "";
			targets = (
				1320E49F2BCC301600402299 /* StarWars */,
				1320E4B02BCC301700402299 /* StarWarsTests */,
				1320E4BA2BCC301700402299 /* StarWarsUITests */,
			);
		};
/* End PBXProject section */

/* Begin PBXResourcesBuildPhase section */
		1320E49E2BCC301600402299 /* Resources */ = {
			isa = PBXResourcesBuildPhase;
			buildActionMask = 2147483647;
			files = (
				1320E4AC2BCC301700402299 /* Preview Assets.xcassets in Resources */,
				1320E4A82BCC301700402299 /* Assets.xcassets in Resources */,
			);
			runOnlyForDeploymentPostprocessing = 0;
		};
		1320E4AF2BCC301700402299 /* Resources */ = {
			isa = PBXResourcesBuildPhase;
			buildActionMask = 2147483647;
			files = (
			);
			runOnlyForDeploymentPostprocessing = 0;
		};
		1320E4B92BCC301700402299 /* Resources */ = {
			isa = PBXResourcesBuildPhase;
			buildActionMask = 2147483647;
			files = (
			);
			runOnlyForDeploymentPostprocessing = 0;
		};
/* End PBXResourcesBuildPhase section */

/* Begin PBXSourcesBuildPhase section */
		1320E49C2BCC301600402299 /* Sources */ = {
			isa = PBXSourcesBuildPhase;
			buildActionMask = 2147483647;
			files = (
				1320E4E72BCC38FB00402299 /* Image+Extension.swift in Sources */,
				1320E4EC2BCC3D7E00402299 /* StarWarsScreen.swift in Sources */,
				1320E4F32BCC403600402299 /* View+Extension.swift in Sources */,
				1320E4F12BCC401A00402299 /* NavigationTitleModifier.swift in Sources */,
				1320E4DF2BCC320100402299 /* BackendServiceProtocol.swift in Sources */,
				1320E4E12BCC326E00402299 /* BackendService.swift in Sources */,
				1320E4D62BCC30D200402299 /* Movies.swift in Sources */,
				1320E4A62BCC301600402299 /* MoviesView.swift in Sources */,
				1320E4EE2BCC3F4900402299 /* MovieDetailView.swift in Sources */,
				1320E4D02BCC303C00402299 /* APIService.swift in Sources */,
				1320E4E32BCC35AB00402299 /* MovieRowView.swift in Sources */,
				1320E4D32BCC307700402299 /* Endpoint.swift in Sources */,
				1320E4EA2BCC39AD00402299 /* StarWarsIcon.swift in Sources */,
				1320E4DC2BCC315700402299 /* MoviesViewModel.swift in Sources */,
				1320E4F52BCC430B00402299 /* ButtonModifier.swift in Sources */,
				1320E4D82BCC30E700402299 /* People.swift in Sources */,
				1320E4A42BCC301600402299 /* StarWarsApp.swift in Sources */,
			);
			runOnlyForDeploymentPostprocessing = 0;
		};
		1320E4AD2BCC301700402299 /* Sources */ = {
			isa = PBXSourcesBuildPhase;
			buildActionMask = 2147483647;
			files = (
				1320E4B62BCC301700402299 /* StarWarsTests.swift in Sources */,
			);
			runOnlyForDeploymentPostprocessing = 0;
		};
		1320E4B72BCC301700402299 /* Sources */ = {
			isa = PBXSourcesBuildPhase;
			buildActionMask = 2147483647;
			files = (
				1320E4C22BCC301700402299 /* StarWarsUITestsLaunchTests.swift in Sources */,
				1320E4C02BCC301700402299 /* StarWarsUITests.swift in Sources */,
			);
			runOnlyForDeploymentPostprocessing = 0;
		};
/* End PBXSourcesBuildPhase section */

/* Begin PBXTargetDependency section */
		1320E4B32BCC301700402299 /* PBXTargetDependency */ = {
			isa = PBXTargetDependency;
			target = 1320E49F2BCC301600402299 /* StarWars */;
			targetProxy = 1320E4B22BCC301700402299 /* PBXContainerItemProxy */;
		};
		1320E4BD2BCC301700402299 /* PBXTargetDependency */ = {
			isa = PBXTargetDependency;
			target = 1320E49F2BCC301600402299 /* StarWars */;
			targetProxy = 1320E4BC2BCC301700402299 /* PBXContainerItemProxy */;
		};
/* End PBXTargetDependency section */

/* Begin XCBuildConfiguration section */
		1320E4C32BCC301700402299 /* Debug */ = {
			isa = XCBuildConfiguration;
			buildSettings = {
				ALWAYS_SEARCH_USER_PATHS = NO;
				ASSETCATALOG_COMPILER_GENERATE_SWIFT_ASSET_SYMBOL_EXTENSIONS = YES;
				CLANG_ANALYZER_NONNULL = YES;
				CLANG_ANALYZER_NUMBER_OBJECT_CONVERSION = YES_AGGRESSIVE;
				CLANG_CXX_LANGUAGE_STANDARD = "gnu++20";
				CLANG_ENABLE_MODULES = YES;
				CLANG_ENABLE_OBJC_ARC = YES;
				CLANG_ENABLE_OBJC_WEAK = YES;
				CLANG_WARN_BLOCK_CAPTURE_AUTORELEASING = YES;
				CLANG_WARN_BOOL_CONVERSION = YES;
				CLANG_WARN_COMMA = YES;
				CLANG_WARN_CONSTANT_CONVERSION = YES;
				CLANG_WARN_DEPRECATED_OBJC_IMPLEMENTATIONS = YES;
				CLANG_WARN_DIRECT_OBJC_ISA_USAGE = YES_ERROR;
				CLANG_WARN_DOCUMENTATION_COMMENTS = YES;
				CLANG_WARN_EMPTY_BODY = YES;
				CLANG_WARN_ENUM_CONVERSION = YES;
				CLANG_WARN_INFINITE_RECURSION = YES;
				CLANG_WARN_INT_CONVERSION = YES;
				CLANG_WARN_NON_LITERAL_NULL_CONVERSION = YES;
				CLANG_WARN_OBJC_IMPLICIT_RETAIN_SELF = YES;
				CLANG_WARN_OBJC_LITERAL_CONVERSION = YES;
				CLANG_WARN_OBJC_ROOT_CLASS = YES_ERROR;
				CLANG_WARN_QUOTED_INCLUDE_IN_FRAMEWORK_HEADER = YES;
				CLANG_WARN_RANGE_LOOP_ANALYSIS = YES;
				CLANG_WARN_STRICT_PROTOTYPES = YES;
				CLANG_WARN_SUSPICIOUS_MOVE = YES;
				CLANG_WARN_UNGUARDED_AVAILABILITY = YES_AGGRESSIVE;
				CLANG_WARN_UNREACHABLE_CODE = YES;
				CLANG_WARN__DUPLICATE_METHOD_MATCH = YES;
				COPY_PHASE_STRIP = NO;
				DEBUG_INFORMATION_FORMAT = dwarf;
				ENABLE_STRICT_OBJC_MSGSEND = YES;
				ENABLE_TESTABILITY = YES;
				ENABLE_USER_SCRIPT_SANDBOXING = YES;
				GCC_C_LANGUAGE_STANDARD = gnu17;
				GCC_DYNAMIC_NO_PIC = NO;
				GCC_NO_COMMON_BLOCKS = YES;
				GCC_OPTIMIZATION_LEVEL = 0;
				GCC_PREPROCESSOR_DEFINITIONS = (
					"DEBUG=1",
					"$(inherited)",
				);
				GCC_WARN_64_TO_32_BIT_CONVERSION = YES;
				GCC_WARN_ABOUT_RETURN_TYPE = YES_ERROR;
				GCC_WARN_UNDECLARED_SELECTOR = YES;
				GCC_WARN_UNINITIALIZED_AUTOS = YES_AGGRESSIVE;
				GCC_WARN_UNUSED_FUNCTION = YES;
				GCC_WARN_UNUSED_VARIABLE = YES;
				LOCALIZATION_PREFERS_STRING_CATALOGS = YES;
				MTL_ENABLE_DEBUG_INFO = INCLUDE_SOURCE;
				MTL_FAST_MATH = YES;
				ONLY_ACTIVE_ARCH = YES;
				SWIFT_ACTIVE_COMPILATION_CONDITIONS = "DEBUG $(inherited)";
				SWIFT_OPTIMIZATION_LEVEL = "-Onone";
			};
			name = Debug;
		};
		1320E4C42BCC301700402299 /* Release */ = {
			isa = XCBuildConfiguration;
			buildSettings = {
				ALWAYS_SEARCH_USER_PATHS = NO;
				ASSETCATALOG_COMPILER_GENERATE_SWIFT_ASSET_SYMBOL_EXTENSIONS = YES;
				CLANG_ANALYZER_NONNULL = YES;
				CLANG_ANALYZER_NUMBER_OBJECT_CONVERSION = YES_AGGRESSIVE;
				CLANG_CXX_LANGUAGE_STANDARD = "gnu++20";
				CLANG_ENABLE_MODULES = YES;
				CLANG_ENABLE_OBJC_ARC = YES;
				CLANG_ENABLE_OBJC_WEAK = YES;
				CLANG_WARN_BLOCK_CAPTURE_AUTORELEASING = YES;
				CLANG_WARN_BOOL_CONVERSION = YES;
				CLANG_WARN_COMMA = YES;
				CLANG_WARN_CONSTANT_CONVERSION = YES;
				CLANG_WARN_DEPRECATED_OBJC_IMPLEMENTATIONS = YES;
				CLANG_WARN_DIRECT_OBJC_ISA_USAGE = YES_ERROR;
				CLANG_WARN_DOCUMENTATION_COMMENTS = YES;
				CLANG_WARN_EMPTY_BODY = YES;
				CLANG_WARN_ENUM_CONVERSION = YES;
				CLANG_WARN_INFINITE_RECURSION = YES;
				CLANG_WARN_INT_CONVERSION = YES;
				CLANG_WARN_NON_LITERAL_NULL_CONVERSION = YES;
				CLANG_WARN_OBJC_IMPLICIT_RETAIN_SELF = YES;
				CLANG_WARN_OBJC_LITERAL_CONVERSION = YES;
				CLANG_WARN_OBJC_ROOT_CLASS = YES_ERROR;
				CLANG_WARN_QUOTED_INCLUDE_IN_FRAMEWORK_HEADER = YES;
				CLANG_WARN_RANGE_LOOP_ANALYSIS = YES;
				CLANG_WARN_STRICT_PROTOTYPES = YES;
				CLANG_WARN_SUSPICIOUS_MOVE = YES;
				CLANG_WARN_UNGUARDED_AVAILABILITY = YES_AGGRESSIVE;
				CLANG_WARN_UNREACHABLE_CODE = YES;
				CLANG_WARN__DUPLICATE_METHOD_MATCH = YES;
				COPY_PHASE_STRIP = NO;
				DEBUG_INFORMATION_FORMAT = "dwarf-with-dsym";
				ENABLE_NS_ASSERTIONS = NO;
				ENABLE_STRICT_OBJC_MSGSEND = YES;
				ENABLE_USER_SCRIPT_SANDBOXING = YES;
				GCC_C_LANGUAGE_STANDARD = gnu17;
				GCC_NO_COMMON_BLOCKS = YES;
				GCC_WARN_64_TO_32_BIT_CONVERSION = YES;
				GCC_WARN_ABOUT_RETURN_TYPE = YES_ERROR;
				GCC_WARN_UNDECLARED_SELECTOR = YES;
				GCC_WARN_UNINITIALIZED_AUTOS = YES_AGGRESSIVE;
				GCC_WARN_UNUSED_FUNCTION = YES;
				GCC_WARN_UNUSED_VARIABLE = YES;
				LOCALIZATION_PREFERS_STRING_CATALOGS = YES;
				MTL_ENABLE_DEBUG_INFO = NO;
				MTL_FAST_MATH = YES;
				SWIFT_COMPILATION_MODE = wholemodule;
			};
			name = Release;
		};
		1320E4C62BCC301700402299 /* Debug */ = {
			isa = XCBuildConfiguration;
			buildSettings = {
				ASSETCATALOG_COMPILER_APPICON_NAME = AppIcon;
				ASSETCATALOG_COMPILER_GLOBAL_ACCENT_COLOR_NAME = AccentColor;
				CODE_SIGN_ENTITLEMENTS = StarWars/StarWars.entitlements;
				CODE_SIGN_STYLE = Automatic;
				CURRENT_PROJECT_VERSION = 1;
				DEVELOPMENT_ASSET_PATHS = "\"StarWars/Preview Content\"";
				ENABLE_PREVIEWS = YES;
				GENERATE_INFOPLIST_FILE = YES;
				"INFOPLIST_KEY_UIApplicationSceneManifest_Generation[sdk=iphoneos*]" = YES;
				"INFOPLIST_KEY_UIApplicationSceneManifest_Generation[sdk=iphonesimulator*]" = YES;
				"INFOPLIST_KEY_UIApplicationSupportsIndirectInputEvents[sdk=iphoneos*]" = YES;
				"INFOPLIST_KEY_UIApplicationSupportsIndirectInputEvents[sdk=iphonesimulator*]" = YES;
				"INFOPLIST_KEY_UILaunchScreen_Generation[sdk=iphoneos*]" = YES;
				"INFOPLIST_KEY_UILaunchScreen_Generation[sdk=iphonesimulator*]" = YES;
				"INFOPLIST_KEY_UIStatusBarStyle[sdk=iphoneos*]" = UIStatusBarStyleDefault;
				"INFOPLIST_KEY_UIStatusBarStyle[sdk=iphonesimulator*]" = UIStatusBarStyleDefault;
				INFOPLIST_KEY_UISupportedInterfaceOrientations_iPad = "UIInterfaceOrientationPortrait UIInterfaceOrientationPortraitUpsideDown UIInterfaceOrientationLandscapeLeft UIInterfaceOrientationLandscapeRight";
				INFOPLIST_KEY_UISupportedInterfaceOrientations_iPhone = "UIInterfaceOrientationPortrait UIInterfaceOrientationLandscapeLeft UIInterfaceOrientationLandscapeRight";
				IPHONEOS_DEPLOYMENT_TARGET = 17.4;
				LD_RUNPATH_SEARCH_PATHS = "@executable_path/Frameworks";
				"LD_RUNPATH_SEARCH_PATHS[sdk=macosx*]" = "@executable_path/../Frameworks";
				MACOSX_DEPLOYMENT_TARGET = 14.4;
				MARKETING_VERSION = 1.0;
				PRODUCT_BUNDLE_IDENTIFIER = com.phitsch.StarWars;
				PRODUCT_NAME = "$(TARGET_NAME)";
				SDKROOT = auto;
				SUPPORTED_PLATFORMS = "iphoneos iphonesimulator macosx";
				SWIFT_EMIT_LOC_STRINGS = YES;
				SWIFT_VERSION = 5.0;
				TARGETED_DEVICE_FAMILY = "1,2";
			};
			name = Debug;
		};
		1320E4C72BCC301700402299 /* Release */ = {
			isa = XCBuildConfiguration;
			buildSettings = {
				ASSETCATALOG_COMPILER_APPICON_NAME = AppIcon;
				ASSETCATALOG_COMPILER_GLOBAL_ACCENT_COLOR_NAME = AccentColor;
				CODE_SIGN_ENTITLEMENTS = StarWars/StarWars.entitlements;
				CODE_SIGN_STYLE = Automatic;
				CURRENT_PROJECT_VERSION = 1;
				DEVELOPMENT_ASSET_PATHS = "\"StarWars/Preview Content\"";
				ENABLE_PREVIEWS = YES;
				GENERATE_INFOPLIST_FILE = YES;
				"INFOPLIST_KEY_UIApplicationSceneManifest_Generation[sdk=iphoneos*]" = YES;
				"INFOPLIST_KEY_UIApplicationSceneManifest_Generation[sdk=iphonesimulator*]" = YES;
				"INFOPLIST_KEY_UIApplicationSupportsIndirectInputEvents[sdk=iphoneos*]" = YES;
				"INFOPLIST_KEY_UIApplicationSupportsIndirectInputEvents[sdk=iphonesimulator*]" = YES;
				"INFOPLIST_KEY_UILaunchScreen_Generation[sdk=iphoneos*]" = YES;
				"INFOPLIST_KEY_UILaunchScreen_Generation[sdk=iphonesimulator*]" = YES;
				"INFOPLIST_KEY_UIStatusBarStyle[sdk=iphoneos*]" = UIStatusBarStyleDefault;
				"INFOPLIST_KEY_UIStatusBarStyle[sdk=iphonesimulator*]" = UIStatusBarStyleDefault;
				INFOPLIST_KEY_UISupportedInterfaceOrientations_iPad = "UIInterfaceOrientationPortrait UIInterfaceOrientationPortraitUpsideDown UIInterfaceOrientationLandscapeLeft UIInterfaceOrientationLandscapeRight";
				INFOPLIST_KEY_UISupportedInterfaceOrientations_iPhone = "UIInterfaceOrientationPortrait UIInterfaceOrientationLandscapeLeft UIInterfaceOrientationLandscapeRight";
				IPHONEOS_DEPLOYMENT_TARGET = 17.4;
				LD_RUNPATH_SEARCH_PATHS = "@executable_path/Frameworks";
				"LD_RUNPATH_SEARCH_PATHS[sdk=macosx*]" = "@executable_path/../Frameworks";
				MACOSX_DEPLOYMENT_TARGET = 14.4;
				MARKETING_VERSION = 1.0;
				PRODUCT_BUNDLE_IDENTIFIER = com.phitsch.StarWars;
				PRODUCT_NAME = "$(TARGET_NAME)";
				SDKROOT = auto;
				SUPPORTED_PLATFORMS = "iphoneos iphonesimulator macosx";
				SWIFT_EMIT_LOC_STRINGS = YES;
				SWIFT_VERSION = 5.0;
				TARGETED_DEVICE_FAMILY = "1,2";
			};
			name = Release;
		};
		1320E4C92BCC301700402299 /* Debug */ = {
			isa = XCBuildConfiguration;
			buildSettings = {
				ALWAYS_EMBED_SWIFT_STANDARD_LIBRARIES = YES;
				BUNDLE_LOADER = "$(TEST_HOST)";
				CODE_SIGN_STYLE = Automatic;
				CURRENT_PROJECT_VERSION = 1;
				GENERATE_INFOPLIST_FILE = YES;
				IPHONEOS_DEPLOYMENT_TARGET = 17.4;
				MACOSX_DEPLOYMENT_TARGET = 14.4;
				MARKETING_VERSION = 1.0;
				PRODUCT_BUNDLE_IDENTIFIER = com.phitsch.StarWarsTests;
				PRODUCT_NAME = "$(TARGET_NAME)";
				SDKROOT = auto;
				SUPPORTED_PLATFORMS = "iphoneos iphonesimulator macosx";
				SWIFT_EMIT_LOC_STRINGS = NO;
				SWIFT_VERSION = 5.0;
				TARGETED_DEVICE_FAMILY = "1,2";
				TEST_HOST = "$(BUILT_PRODUCTS_DIR)/StarWars.app/$(BUNDLE_EXECUTABLE_FOLDER_PATH)/StarWars";
			};
			name = Debug;
		};
		1320E4CA2BCC301700402299 /* Release */ = {
			isa = XCBuildConfiguration;
			buildSettings = {
				ALWAYS_EMBED_SWIFT_STANDARD_LIBRARIES = YES;
				BUNDLE_LOADER = "$(TEST_HOST)";
				CODE_SIGN_STYLE = Automatic;
				CURRENT_PROJECT_VERSION = 1;
				GENERATE_INFOPLIST_FILE = YES;
				IPHONEOS_DEPLOYMENT_TARGET = 17.4;
				MACOSX_DEPLOYMENT_TARGET = 14.4;
				MARKETING_VERSION = 1.0;
				PRODUCT_BUNDLE_IDENTIFIER = com.phitsch.StarWarsTests;
				PRODUCT_NAME = "$(TARGET_NAME)";
				SDKROOT = auto;
				SUPPORTED_PLATFORMS = "iphoneos iphonesimulator macosx";
				SWIFT_EMIT_LOC_STRINGS = NO;
				SWIFT_VERSION = 5.0;
				TARGETED_DEVICE_FAMILY = "1,2";
				TEST_HOST = "$(BUILT_PRODUCTS_DIR)/StarWars.app/$(BUNDLE_EXECUTABLE_FOLDER_PATH)/StarWars";
			};
			name = Release;
		};
		1320E4CC2BCC301700402299 /* Debug */ = {
			isa = XCBuildConfiguration;
			buildSettings = {
				ALWAYS_EMBED_SWIFT_STANDARD_LIBRARIES = YES;
				CODE_SIGN_STYLE = Automatic;
				CURRENT_PROJECT_VERSION = 1;
				GENERATE_INFOPLIST_FILE = YES;
				IPHONEOS_DEPLOYMENT_TARGET = 17.4;
				MACOSX_DEPLOYMENT_TARGET = 14.4;
				MARKETING_VERSION = 1.0;
				PRODUCT_BUNDLE_IDENTIFIER = com.phitsch.StarWarsUITests;
				PRODUCT_NAME = "$(TARGET_NAME)";
				SDKROOT = auto;
				SUPPORTED_PLATFORMS = "iphoneos iphonesimulator macosx";
				SWIFT_EMIT_LOC_STRINGS = NO;
				SWIFT_VERSION = 5.0;
				TARGETED_DEVICE_FAMILY = "1,2";
				TEST_TARGET_NAME = StarWars;
			};
			name = Debug;
		};
		1320E4CD2BCC301700402299 /* Release */ = {
			isa = XCBuildConfiguration;
			buildSettings = {
				ALWAYS_EMBED_SWIFT_STANDARD_LIBRARIES = YES;
				CODE_SIGN_STYLE = Automatic;
				CURRENT_PROJECT_VERSION = 1;
				GENERATE_INFOPLIST_FILE = YES;
				IPHONEOS_DEPLOYMENT_TARGET = 17.4;
				MACOSX_DEPLOYMENT_TARGET = 14.4;
				MARKETING_VERSION = 1.0;
				PRODUCT_BUNDLE_IDENTIFIER = com.phitsch.StarWarsUITests;
				PRODUCT_NAME = "$(TARGET_NAME)";
				SDKROOT = auto;
				SUPPORTED_PLATFORMS = "iphoneos iphonesimulator macosx";
				SWIFT_EMIT_LOC_STRINGS = NO;
				SWIFT_VERSION = 5.0;
				TARGETED_DEVICE_FAMILY = "1,2";
				TEST_TARGET_NAME = StarWars;
			};
			name = Release;
		};
/* End XCBuildConfiguration section */

/* Begin XCConfigurationList section */
		1320E49B2BCC301600402299 /* Build configuration list for PBXProject "StarWars" */ = {
			isa = XCConfigurationList;
			buildConfigurations = (
				1320E4C32BCC301700402299 /* Debug */,
				1320E4C42BCC301700402299 /* Release */,
			);
			defaultConfigurationIsVisible = 0;
			defaultConfigurationName = Release;
		};
		1320E4C52BCC301700402299 /* Build configuration list for PBXNativeTarget "StarWars" */ = {
			isa = XCConfigurationList;
			buildConfigurations = (
				1320E4C62BCC301700402299 /* Debug */,
				1320E4C72BCC301700402299 /* Release */,
			);
			defaultConfigurationIsVisible = 0;
			defaultConfigurationName = Release;
		};
		1320E4C82BCC301700402299 /* Build configuration list for PBXNativeTarget "StarWarsTests" */ = {
			isa = XCConfigurationList;
			buildConfigurations = (
				1320E4C92BCC301700402299 /* Debug */,
				1320E4CA2BCC301700402299 /* Release */,
			);
			defaultConfigurationIsVisible = 0;
			defaultConfigurationName = Release;
		};
		1320E4CB2BCC301700402299 /* Build configuration list for PBXNativeTarget "StarWarsUITests" */ = {
			isa = XCConfigurationList;
			buildConfigurations = (
				1320E4CC2BCC301700402299 /* Debug */,
				1320E4CD2BCC301700402299 /* Release */,
			);
			defaultConfigurationIsVisible = 0;
			defaultConfigurationName = Release;
		};
/* End XCConfigurationList section */
	};
	rootObject = 1320E4982BCC301600402299 /* Project object */;
}
